// !$*UTF8*$!
{
	archiveVersion = 1;
	classes = {
	};
	objectVersion = 46;
	objects = {

/* Begin PBXBuildFile section */
		C311F82A1A75067D00A3DA5B /* bombonOrientalCabana.jpg in Resources */ = {isa = PBXBuildFile; fileRef = C311F8291A75067D00A3DA5B /* bombonOrientalCabana.jpg */; };
		C33BF8511A75100E0092CD1D /* contacto@2x.png in Resources */ = {isa = PBXBuildFile; fileRef = C33BF8501A75100E0092CD1D /* contacto@2x.png */; };
		C341B0941A71BB2100F9F650 /* AppDelegate.swift in Sources */ = {isa = PBXBuildFile; fileRef = C341B0931A71BB2100F9F650 /* AppDelegate.swift */; };
		C341B09C1A71BB2100F9F650 /* Main.storyboard in Resources */ = {isa = PBXBuildFile; fileRef = C341B09A1A71BB2100F9F650 /* Main.storyboard */; };
		C341B09E1A71BB2100F9F650 /* Images.xcassets in Resources */ = {isa = PBXBuildFile; fileRef = C341B09D1A71BB2100F9F650 /* Images.xcassets */; };
		C341B0AD1A71BB2100F9F650 /* Informatur2Tests.swift in Sources */ = {isa = PBXBuildFile; fileRef = C341B0AC1A71BB2100F9F650 /* Informatur2Tests.swift */; };
		C341B0BE1A71BB5700F9F650 /* AtractivosVC.swift in Sources */ = {isa = PBXBuildFile; fileRef = C341B0B71A71BB5700F9F650 /* AtractivosVC.swift */; };
		C341B0BF1A71BB5700F9F650 /* DetalleAtractivos.swift in Sources */ = {isa = PBXBuildFile; fileRef = C341B0B81A71BB5700F9F650 /* DetalleAtractivos.swift */; };
		C341B0C01A71BB5700F9F650 /* DetalleInfo.swift in Sources */ = {isa = PBXBuildFile; fileRef = C341B0B91A71BB5700F9F650 /* DetalleInfo.swift */; };
		C341B0C11A71BB5700F9F650 /* DetalleServicios.swift in Sources */ = {isa = PBXBuildFile; fileRef = C341B0BA1A71BB5700F9F650 /* DetalleServicios.swift */; };
		C341B0C21A71BB5700F9F650 /* Home.swift in Sources */ = {isa = PBXBuildFile; fileRef = C341B0BB1A71BB5700F9F650 /* Home.swift */; };
		C341B0C31A71BB5700F9F650 /* MapasVC.swift in Sources */ = {isa = PBXBuildFile; fileRef = C341B0BC1A71BB5700F9F650 /* MapasVC.swift */; };
		C341B0C41A71BB5700F9F650 /* ServiciosVC.swift in Sources */ = {isa = PBXBuildFile; fileRef = C341B0BD1A71BB5700F9F650 /* ServiciosVC.swift */; };
		C341B1791A71C75C00F9F650 /* Informatur2.sqlite in Resources */ = {isa = PBXBuildFile; fileRef = C341B1781A71C75C00F9F650 /* Informatur2.sqlite */; };
		C3526AE91A72E318009F4DA7 /* aromaCalafate.jpg in Resources */ = {isa = PBXBuildFile; fileRef = C3526AD11A72E318009F4DA7 /* aromaCalafate.jpg */; };
		C3526AEA1A72E318009F4DA7 /* artesaniaPuertoGres.jpg in Resources */ = {isa = PBXBuildFile; fileRef = C3526AD21A72E318009F4DA7 /* artesaniaPuertoGres.jpg */; };
		C3526AEB1A72E318009F4DA7 /* bombonOriental.jpg in Resources */ = {isa = PBXBuildFile; fileRef = C3526AD31A72E318009F4DA7 /* bombonOriental.jpg */; };
		C3526AEC1A72E318009F4DA7 /* cabanasDressden.jpg in Resources */ = {isa = PBXBuildFile; fileRef = C3526AD41A72E318009F4DA7 /* cabanasDressden.jpg */; };
		C3526AED1A72E318009F4DA7 /* cabanasPuertoVaras.jpg in Resources */ = {isa = PBXBuildFile; fileRef = C3526AD51A72E318009F4DA7 /* cabanasPuertoVaras.jpg */; };
		C3526AEE1A72E318009F4DA7 /* cabanasRioLodge.jpg in Resources */ = {isa = PBXBuildFile; fileRef = C3526AD61A72E318009F4DA7 /* cabanasRioLodge.jpg */; };
		C3526AEF1A72E318009F4DA7 /* cabanasZajay.jpg in Resources */ = {isa = PBXBuildFile; fileRef = C3526AD71A72E318009F4DA7 /* cabanasZajay.jpg */; };
		C3526AF01A72E318009F4DA7 /* cafeHaussmann.jpg in Resources */ = {isa = PBXBuildFile; fileRef = C3526AD81A72E318009F4DA7 /* cafeHaussmann.jpg */; };
		C3526AF11A72E318009F4DA7 /* deinHouse.jpg in Resources */ = {isa = PBXBuildFile; fileRef = C3526AD91A72E318009F4DA7 /* deinHouse.jpg */; };
		C3526AF21A72E318009F4DA7 /* eloiaBistro.jpg in Resources */ = {isa = PBXBuildFile; fileRef = C3526ADA1A72E318009F4DA7 /* eloiaBistro.jpg */; };
		C3526AF31A72E318009F4DA7 /* elPatioDeMiCasa.jpg in Resources */ = {isa = PBXBuildFile; fileRef = C3526ADB1A72E318009F4DA7 /* elPatioDeMiCasa.jpg */; };
		C3526AF41A72E318009F4DA7 /* elRetorno.jpg in Resources */ = {isa = PBXBuildFile; fileRef = C3526ADC1A72E318009F4DA7 /* elRetorno.jpg */; };
		C3526AF51A72E318009F4DA7 /* guaton.jpg in Resources */ = {isa = PBXBuildFile; fileRef = C3526ADD1A72E318009F4DA7 /* guaton.jpg */; };
		C3526AF61A72E318009F4DA7 /* hospedajeDonRaul.jpg in Resources */ = {isa = PBXBuildFile; fileRef = C3526ADE1A72E318009F4DA7 /* hospedajeDonRaul.jpg */; };
		C3526AF71A72E318009F4DA7 /* hospedajeGerdaOpitz.jpg in Resources */ = {isa = PBXBuildFile; fileRef = C3526ADF1A72E318009F4DA7 /* hospedajeGerdaOpitz.jpg */; };
		C3526AF81A72E318009F4DA7 /* hostalFamiliar.jpg in Resources */ = {isa = PBXBuildFile; fileRef = C3526AE01A72E318009F4DA7 /* hostalFamiliar.jpg */; };
		C3526AF91A72E318009F4DA7 /* hostalTantePuppe.jpg in Resources */ = {isa = PBXBuildFile; fileRef = C3526AE11A72E318009F4DA7 /* hostalTantePuppe.jpg */; };
		C3526AFA1A72E318009F4DA7 /* hotalOpapaJuan.jpg in Resources */ = {isa = PBXBuildFile; fileRef = C3526AE21A72E318009F4DA7 /* hotalOpapaJuan.jpg */; };
		C3526AFB1A72E318009F4DA7 /* lavanderia.jpg in Resources */ = {isa = PBXBuildFile; fileRef = C3526AE31A72E318009F4DA7 /* lavanderia.jpg */; };
		C3526AFC1A72E318009F4DA7 /* mozzarella.jpg in Resources */ = {isa = PBXBuildFile; fileRef = C3526AE41A72E318009F4DA7 /* mozzarella.jpg */; };
		C3526AFD1A72E318009F4DA7 /* puroToro.jpg in Resources */ = {isa = PBXBuildFile; fileRef = C3526AE51A72E318009F4DA7 /* puroToro.jpg */; };
		C3526B001A72E318009F4DA7 /* tierraOutdoors.jpg in Resources */ = {isa = PBXBuildFile; fileRef = C3526AE81A72E318009F4DA7 /* tierraOutdoors.jpg */; };
		C3526B021A72EA7E009F4DA7 /* chancerel.jpg in Resources */ = {isa = PBXBuildFile; fileRef = C3526B011A72EA7E009F4DA7 /* chancerel.jpg */; };
		C3526B041A72EB4B009F4DA7 /* cafeMamusia.jpg in Resources */ = {isa = PBXBuildFile; fileRef = C3526B031A72EB4B009F4DA7 /* cafeMamusia.jpg */; };
		C3526B061A72EB5A009F4DA7 /* rentCarDressden.jpg in Resources */ = {isa = PBXBuildFile; fileRef = C3526B051A72EB59009F4DA7 /* rentCarDressden.jpg */; };
		C3526B091A72FFFF009F4DA7 /* Atractivos.m in Sources */ = {isa = PBXBuildFile; fileRef = C3526B081A72FFFF009F4DA7 /* Atractivos.m */; };
		C3526B0C1A730000009F4DA7 /* Bienvenida.m in Sources */ = {isa = PBXBuildFile; fileRef = C3526B0B1A730000009F4DA7 /* Bienvenida.m */; };
		C3526B0F1A730000009F4DA7 /* Info.m in Sources */ = {isa = PBXBuildFile; fileRef = C3526B0E1A730000009F4DA7 /* Info.m */; };
		C3526B121A730000009F4DA7 /* Mapas.m in Sources */ = {isa = PBXBuildFile; fileRef = C3526B111A730000009F4DA7 /* Mapas.m */; };
		C3526B151A730000009F4DA7 /* Servicios.m in Sources */ = {isa = PBXBuildFile; fileRef = C3526B141A730000009F4DA7 /* Servicios.m */; };
		C3526B171A730D41009F4DA7 /* fono@2x.png in Resources */ = {isa = PBXBuildFile; fileRef = C3526B161A730D41009F4DA7 /* fono@2x.png */; };
		C3526B1A1A730E28009F4DA7 /* mail@2x.png in Resources */ = {isa = PBXBuildFile; fileRef = C3526B181A730E28009F4DA7 /* mail@2x.png */; };
		C3526B1B1A730E28009F4DA7 /* web@2x.png in Resources */ = {isa = PBXBuildFile; fileRef = C3526B191A730E28009F4DA7 /* web@2x.png */; };
		C3526B1D1A735691009F4DA7 /* ruta.jpg in Resources */ = {isa = PBXBuildFile; fileRef = C3526B1C1A735691009F4DA7 /* ruta.jpg */; };
		C392D42C1A721E30007AA402 /* Informatur2.xcdatamodeld in Sources */ = {isa = PBXBuildFile; fileRef = C392D4231A721E30007AA402 /* Informatur2.xcdatamodeld */; };
		C392D4651A722D84007AA402 /* ancud.jpg in Resources */ = {isa = PBXBuildFile; fileRef = C392D4311A722D84007AA402 /* ancud.jpg */; };
		C392D4661A722D84007AA402 /* atractivos.jpg in Resources */ = {isa = PBXBuildFile; fileRef = C392D4321A722D84007AA402 /* atractivos.jpg */; };
		C392D4671A722D84007AA402 /* cabalgatas.jpg in Resources */ = {isa = PBXBuildFile; fileRef = C392D4331A722D84007AA402 /* cabalgatas.jpg */; };
		C392D4681A722D84007AA402 /* canopy.jpg in Resources */ = {isa = PBXBuildFile; fileRef = C392D4341A722D84007AA402 /* canopy.jpg */; };
		C392D4691A722D84007AA402 /* castro.jpg in Resources */ = {isa = PBXBuildFile; fileRef = C392D4351A722D84007AA402 /* castro.jpg */; };
		C392D46A1A722D84007AA402 /* centroCulturalEstacion.jpg in Resources */ = {isa = PBXBuildFile; fileRef = C392D4361A722D84007AA402 /* centroCulturalEstacion.jpg */; };
		C392D46B1A722D84007AA402 /* cerroCalvario.jpg in Resources */ = {isa = PBXBuildFile; fileRef = C392D4371A722D84007AA402 /* cerroCalvario.jpg */; };
		C392D46C1A722D84007AA402 /* cerroPhillippi.jpg in Resources */ = {isa = PBXBuildFile; fileRef = C392D4381A722D84007AA402 /* cerroPhillippi.jpg */; };
		C392D46D1A722D84007AA402 /* ensenada.jpg in Resources */ = {isa = PBXBuildFile; fileRef = C392D4391A722D84007AA402 /* ensenada.jpg */; };
		C392D46E1A722D84007AA402 /* feriaArtesanal.jpg in Resources */ = {isa = PBXBuildFile; fileRef = C392D43A1A722D84007AA402 /* feriaArtesanal.jpg */; };
		C392D46F1A722D84007AA402 /* frutillar.jpg in Resources */ = {isa = PBXBuildFile; fileRef = C392D43B1A722D84007AA402 /* frutillar.jpg */; };
		C392D4701A722D84007AA402 /* grutaDeLourdes.jpg in Resources */ = {isa = PBXBuildFile; fileRef = C392D43C1A722D84007AA402 /* grutaDeLourdes.jpg */; };
		C392D4711A722D84007AA402 /* iglesiaSagradoCorazon.jpg in Resources */ = {isa = PBXBuildFile; fileRef = C392D43D1A722D84007AA402 /* iglesiaSagradoCorazon.jpg */; };
		C392D4721A722D84007AA402 /* kayak.jpg in Resources */ = {isa = PBXBuildFile; fileRef = C392D43E1A722D84007AA402 /* kayak.jpg */; };
		C392D4731A722D84007AA402 /* lagoLLanquihue.jpg in Resources */ = {isa = PBXBuildFile; fileRef = C392D43F1A722D84007AA402 /* lagoLLanquihue.jpg */; };
		C392D4741A722D84007AA402 /* lagoTodosLosSantos.jpg in Resources */ = {isa = PBXBuildFile; fileRef = C392D4401A722D84007AA402 /* lagoTodosLosSantos.jpg */; };
		C392D4751A722D84007AA402 /* lagunaVerde.jpg in Resources */ = {isa = PBXBuildFile; fileRef = C392D4411A722D84007AA402 /* lagunaVerde.jpg */; };
		C392D4761A722D84007AA402 /* laPoza.jpg in Resources */ = {isa = PBXBuildFile; fileRef = C392D4421A722D84007AA402 /* laPoza.jpg */; };
		C392D4771A722D84007AA402 /* museoAntonioFelmer.jpg in Resources */ = {isa = PBXBuildFile; fileRef = C392D4431A722D84007AA402 /* museoAntonioFelmer.jpg */; };
		C392D4781A722D84007AA402 /* navegacionLacustre.jpg in Resources */ = {isa = PBXBuildFile; fileRef = C392D4441A722D84007AA402 /* navegacionLacustre.jpg */; };
		C392D4791A722D84007AA402 /* parqueNacionalVicente.jpg in Resources */ = {isa = PBXBuildFile; fileRef = C392D4451A722D84007AA402 /* parqueNacionalVicente.jpg */; };
		C392D47A1A722D84007AA402 /* pescaDeportiva.jpg in Resources */ = {isa = PBXBuildFile; fileRef = C392D4461A722D84007AA402 /* pescaDeportiva.jpg */; };
		C392D47B1A722D84007AA402 /* peulla.jpg in Resources */ = {isa = PBXBuildFile; fileRef = C392D4471A722D84007AA402 /* peulla.jpg */; };
		C392D47C1A722D84007AA402 /* rafting.jpg in Resources */ = {isa = PBXBuildFile; fileRef = C392D4481A722D84007AA402 /* rafting.jpg */; };
		C392D47D1A722D84007AA402 /* ralun.jpg in Resources */ = {isa = PBXBuildFile; fileRef = C392D4491A722D84007AA402 /* ralun.jpg */; };
		C392D47E1A722D84007AA402 /* rioPetrohue.jpg in Resources */ = {isa = PBXBuildFile; fileRef = C392D44A1A722D84007AA402 /* rioPetrohue.jpg */; };
		C392D47F1A722D84007AA402 /* saltosDelPetrohue.jpg in Resources */ = {isa = PBXBuildFile; fileRef = C392D44B1A722D84007AA402 /* saltosDelPetrohue.jpg */; };
		C392D4801A722D84007AA402 /* ski.jpg in Resources */ = {isa = PBXBuildFile; fileRef = C392D44C1A722D84007AA402 /* ski.jpg */; };
		C392D4811A722D84007AA402 /* termas.jpg in Resources */ = {isa = PBXBuildFile; fileRef = C392D44D1A722D84007AA402 /* termas.jpg */; };
		C392D4821A722D84007AA402 /* volcanOsorno.jpg in Resources */ = {isa = PBXBuildFile; fileRef = C392D44E1A722D84007AA402 /* volcanOsorno.jpg */; };
		C392D4831A722D84007AA402 /* bienvenida.jpg in Resources */ = {isa = PBXBuildFile; fileRef = C392D4501A722D84007AA402 /* bienvenida.jpg */; };
		C392D4841A722D84007AA402 /* historia.jpg in Resources */ = {isa = PBXBuildFile; fileRef = C392D4511A722D84007AA402 /* historia.jpg */; };
		C392D4851A722D84007AA402 /* pto.jpg in Resources */ = {isa = PBXBuildFile; fileRef = C392D4521A722D84007AA402 /* pto.jpg */; };
		C392D4861A722D84007AA402 /* comida@2x.png in Resources */ = {isa = PBXBuildFile; fileRef = C392D4551A722D84007AA402 /* comida@2x.png */; };
		C392D4871A722D84007AA402 /* home@2x.png in Resources */ = {isa = PBXBuildFile; fileRef = C392D4561A722D84007AA402 /* home@2x.png */; };
		C392D4881A722D84007AA402 /* hostal@2x.png in Resources */ = {isa = PBXBuildFile; fileRef = C392D4571A722D84007AA402 /* hostal@2x.png */; };
		C392D4891A722D84007AA402 /* map@2x.png in Resources */ = {isa = PBXBuildFile; fileRef = C392D4581A722D84007AA402 /* map@2x.png */; };
		C392D48A1A722D84007AA402 /* otros@2x.png in Resources */ = {isa = PBXBuildFile; fileRef = C392D4591A722D84007AA402 /* otros@2x.png */; };
		C392D48B1A722D84007AA402 /* survey@2x.png in Resources */ = {isa = PBXBuildFile; fileRef = C392D45A1A722D84007AA402 /* survey@2x.png */; };
		C392D48C1A722D84007AA402 /* tranking@2x.png in Resources */ = {isa = PBXBuildFile; fileRef = C392D45B1A722D84007AA402 /* tranking@2x.png */; };
		C392D48D1A722D84007AA402 /* Default-568h@2x.png in Resources */ = {isa = PBXBuildFile; fileRef = C392D45D1A722D84007AA402 /* Default-568h@2x.png */; };
		C392D48E1A722D84007AA402 /* Default-667h@2x.png in Resources */ = {isa = PBXBuildFile; fileRef = C392D45E1A722D84007AA402 /* Default-667h@2x.png */; };
		C392D48F1A722D84007AA402 /* Default-Portrait-736h@3x.png in Resources */ = {isa = PBXBuildFile; fileRef = C392D45F1A722D84007AA402 /* Default-Portrait-736h@3x.png */; };
		C392D4901A722D84007AA402 /* Default.png in Resources */ = {isa = PBXBuildFile; fileRef = C392D4601A722D84007AA402 /* Default.png */; };
		C392D4911A722D84007AA402 /* Default@2x.png in Resources */ = {isa = PBXBuildFile; fileRef = C392D4611A722D84007AA402 /* Default@2x.png */; };
/* End PBXBuildFile section */

/* Begin PBXContainerItemProxy section */
		C341B0A71A71BB2100F9F650 /* PBXContainerItemProxy */ = {
			isa = PBXContainerItemProxy;
			containerPortal = C341B0861A71BB2100F9F650 /* Project object */;
			proxyType = 1;
			remoteGlobalIDString = C341B08D1A71BB2100F9F650;
			remoteInfo = Informatur2;
		};
/* End PBXContainerItemProxy section */

/* Begin PBXFileReference section */
		C311F8291A75067D00A3DA5B /* bombonOrientalCabana.jpg */ = {isa = PBXFileReference; lastKnownFileType = image.jpeg; path = bombonOrientalCabana.jpg; sourceTree = "<group>"; };
		C33BF8501A75100E0092CD1D /* contacto@2x.png */ = {isa = PBXFileReference; lastKnownFileType = image.png; path = "contacto@2x.png"; sourceTree = "<group>"; };
		C341B08E1A71BB2100F9F650 /* Informatur2.app */ = {isa = PBXFileReference; explicitFileType = wrapper.application; includeInIndex = 0; path = Informatur2.app; sourceTree = BUILT_PRODUCTS_DIR; };
		C341B0921A71BB2100F9F650 /* Info.plist */ = {isa = PBXFileReference; lastKnownFileType = text.plist.xml; path = Info.plist; sourceTree = "<group>"; };
		C341B0931A71BB2100F9F650 /* AppDelegate.swift */ = {isa = PBXFileReference; lastKnownFileType = sourcecode.swift; path = AppDelegate.swift; sourceTree = "<group>"; };
		C341B09B1A71BB2100F9F650 /* Base */ = {isa = PBXFileReference; lastKnownFileType = file.storyboard; name = Base; path = Base.lproj/Main.storyboard; sourceTree = "<group>"; };
		C341B09D1A71BB2100F9F650 /* Images.xcassets */ = {isa = PBXFileReference; lastKnownFileType = folder.assetcatalog; path = Images.xcassets; sourceTree = "<group>"; };
		C341B0A61A71BB2100F9F650 /* Informatur2Tests.xctest */ = {isa = PBXFileReference; explicitFileType = wrapper.cfbundle; includeInIndex = 0; path = Informatur2Tests.xctest; sourceTree = BUILT_PRODUCTS_DIR; };
		C341B0AB1A71BB2100F9F650 /* Info.plist */ = {isa = PBXFileReference; lastKnownFileType = text.plist.xml; path = Info.plist; sourceTree = "<group>"; };
		C341B0AC1A71BB2100F9F650 /* Informatur2Tests.swift */ = {isa = PBXFileReference; lastKnownFileType = sourcecode.swift; path = Informatur2Tests.swift; sourceTree = "<group>"; };
		C341B0B71A71BB5700F9F650 /* AtractivosVC.swift */ = {isa = PBXFileReference; fileEncoding = 4; lastKnownFileType = sourcecode.swift; path = AtractivosVC.swift; sourceTree = "<group>"; };
		C341B0B81A71BB5700F9F650 /* DetalleAtractivos.swift */ = {isa = PBXFileReference; fileEncoding = 4; lastKnownFileType = sourcecode.swift; path = DetalleAtractivos.swift; sourceTree = "<group>"; };
		C341B0B91A71BB5700F9F650 /* DetalleInfo.swift */ = {isa = PBXFileReference; fileEncoding = 4; lastKnownFileType = sourcecode.swift; path = DetalleInfo.swift; sourceTree = "<group>"; };
		C341B0BA1A71BB5700F9F650 /* DetalleServicios.swift */ = {isa = PBXFileReference; fileEncoding = 4; lastKnownFileType = sourcecode.swift; path = DetalleServicios.swift; sourceTree = "<group>"; };
		C341B0BB1A71BB5700F9F650 /* Home.swift */ = {isa = PBXFileReference; fileEncoding = 4; lastKnownFileType = sourcecode.swift; path = Home.swift; sourceTree = "<group>"; };
		C341B0BC1A71BB5700F9F650 /* MapasVC.swift */ = {isa = PBXFileReference; fileEncoding = 4; lastKnownFileType = sourcecode.swift; path = MapasVC.swift; sourceTree = "<group>"; };
		C341B0BD1A71BB5700F9F650 /* ServiciosVC.swift */ = {isa = PBXFileReference; fileEncoding = 4; lastKnownFileType = sourcecode.swift; path = ServiciosVC.swift; sourceTree = "<group>"; };
		C341B1681A71BF7200F9F650 /* Informatur2-Bridging-Header.h */ = {isa = PBXFileReference; lastKnownFileType = sourcecode.c.h; path = "Informatur2-Bridging-Header.h"; sourceTree = "<group>"; };
		C341B1781A71C75C00F9F650 /* Informatur2.sqlite */ = {isa = PBXFileReference; lastKnownFileType = file; path = Informatur2.sqlite; sourceTree = SOURCE_ROOT; };
		C3526AD11A72E318009F4DA7 /* aromaCalafate.jpg */ = {isa = PBXFileReference; lastKnownFileType = image.jpeg; path = aromaCalafate.jpg; sourceTree = "<group>"; };
		C3526AD21A72E318009F4DA7 /* artesaniaPuertoGres.jpg */ = {isa = PBXFileReference; lastKnownFileType = image.jpeg; path = artesaniaPuertoGres.jpg; sourceTree = "<group>"; };
		C3526AD31A72E318009F4DA7 /* bombonOriental.jpg */ = {isa = PBXFileReference; lastKnownFileType = image.jpeg; path = bombonOriental.jpg; sourceTree = "<group>"; };
		C3526AD41A72E318009F4DA7 /* cabanasDressden.jpg */ = {isa = PBXFileReference; lastKnownFileType = image.jpeg; path = cabanasDressden.jpg; sourceTree = "<group>"; };
		C3526AD51A72E318009F4DA7 /* cabanasPuertoVaras.jpg */ = {isa = PBXFileReference; lastKnownFileType = image.jpeg; path = cabanasPuertoVaras.jpg; sourceTree = "<group>"; };
		C3526AD61A72E318009F4DA7 /* cabanasRioLodge.jpg */ = {isa = PBXFileReference; lastKnownFileType = image.jpeg; path = cabanasRioLodge.jpg; sourceTree = "<group>"; };
		C3526AD71A72E318009F4DA7 /* cabanasZajay.jpg */ = {isa = PBXFileReference; lastKnownFileType = image.jpeg; path = cabanasZajay.jpg; sourceTree = "<group>"; };
		C3526AD81A72E318009F4DA7 /* cafeHaussmann.jpg */ = {isa = PBXFileReference; lastKnownFileType = image.jpeg; path = cafeHaussmann.jpg; sourceTree = "<group>"; };
		C3526AD91A72E318009F4DA7 /* deinHouse.jpg */ = {isa = PBXFileReference; lastKnownFileType = image.jpeg; path = deinHouse.jpg; sourceTree = "<group>"; };
		C3526ADA1A72E318009F4DA7 /* eloiaBistro.jpg */ = {isa = PBXFileReference; lastKnownFileType = image.jpeg; path = eloiaBistro.jpg; sourceTree = "<group>"; };
		C3526ADB1A72E318009F4DA7 /* elPatioDeMiCasa.jpg */ = {isa = PBXFileReference; lastKnownFileType = image.jpeg; path = elPatioDeMiCasa.jpg; sourceTree = "<group>"; };
		C3526ADC1A72E318009F4DA7 /* elRetorno.jpg */ = {isa = PBXFileReference; lastKnownFileType = image.jpeg; path = elRetorno.jpg; sourceTree = "<group>"; };
		C3526ADD1A72E318009F4DA7 /* guaton.jpg */ = {isa = PBXFileReference; lastKnownFileType = image.jpeg; path = guaton.jpg; sourceTree = "<group>"; };
		C3526ADE1A72E318009F4DA7 /* hospedajeDonRaul.jpg */ = {isa = PBXFileReference; lastKnownFileType = image.jpeg; path = hospedajeDonRaul.jpg; sourceTree = "<group>"; };
		C3526ADF1A72E318009F4DA7 /* hospedajeGerdaOpitz.jpg */ = {isa = PBXFileReference; lastKnownFileType = image.jpeg; path = hospedajeGerdaOpitz.jpg; sourceTree = "<group>"; };
		C3526AE01A72E318009F4DA7 /* hostalFamiliar.jpg */ = {isa = PBXFileReference; lastKnownFileType = image.jpeg; path = hostalFamiliar.jpg; sourceTree = "<group>"; };
		C3526AE11A72E318009F4DA7 /* hostalTantePuppe.jpg */ = {isa = PBXFileReference; lastKnownFileType = image.jpeg; path = hostalTantePuppe.jpg; sourceTree = "<group>"; };
		C3526AE21A72E318009F4DA7 /* hotalOpapaJuan.jpg */ = {isa = PBXFileReference; lastKnownFileType = image.jpeg; path = hotalOpapaJuan.jpg; sourceTree = "<group>"; };
		C3526AE31A72E318009F4DA7 /* lavanderia.jpg */ = {isa = PBXFileReference; lastKnownFileType = image.jpeg; path = lavanderia.jpg; sourceTree = "<group>"; };
		C3526AE41A72E318009F4DA7 /* mozzarella.jpg */ = {isa = PBXFileReference; lastKnownFileType = image.jpeg; path = mozzarella.jpg; sourceTree = "<group>"; };
		C3526AE51A72E318009F4DA7 /* puroToro.jpg */ = {isa = PBXFileReference; lastKnownFileType = image.jpeg; path = puroToro.jpg; sourceTree = "<group>"; };
		C3526AE81A72E318009F4DA7 /* tierraOutdoors.jpg */ = {isa = PBXFileReference; lastKnownFileType = image.jpeg; path = tierraOutdoors.jpg; sourceTree = "<group>"; };
		C3526B011A72EA7E009F4DA7 /* chancerel.jpg */ = {isa = PBXFileReference; lastKnownFileType = image.jpeg; path = chancerel.jpg; sourceTree = "<group>"; };
		C3526B031A72EB4B009F4DA7 /* cafeMamusia.jpg */ = {isa = PBXFileReference; lastKnownFileType = image.jpeg; path = cafeMamusia.jpg; sourceTree = "<group>"; };
		C3526B051A72EB59009F4DA7 /* rentCarDressden.jpg */ = {isa = PBXFileReference; lastKnownFileType = image.jpeg; path = rentCarDressden.jpg; sourceTree = "<group>"; };
		C3526B071A72FFFF009F4DA7 /* Atractivos.h */ = {isa = PBXFileReference; fileEncoding = 4; lastKnownFileType = sourcecode.c.h; path = Atractivos.h; sourceTree = "<group>"; };
		C3526B081A72FFFF009F4DA7 /* Atractivos.m */ = {isa = PBXFileReference; fileEncoding = 4; lastKnownFileType = sourcecode.c.objc; path = Atractivos.m; sourceTree = "<group>"; };
		C3526B0A1A730000009F4DA7 /* Bienvenida.h */ = {isa = PBXFileReference; fileEncoding = 4; lastKnownFileType = sourcecode.c.h; path = Bienvenida.h; sourceTree = "<group>"; };
		C3526B0B1A730000009F4DA7 /* Bienvenida.m */ = {isa = PBXFileReference; fileEncoding = 4; lastKnownFileType = sourcecode.c.objc; path = Bienvenida.m; sourceTree = "<group>"; };
		C3526B0D1A730000009F4DA7 /* Info.h */ = {isa = PBXFileReference; fileEncoding = 4; lastKnownFileType = sourcecode.c.h; path = Info.h; sourceTree = "<group>"; };
		C3526B0E1A730000009F4DA7 /* Info.m */ = {isa = PBXFileReference; fileEncoding = 4; lastKnownFileType = sourcecode.c.objc; path = Info.m; sourceTree = "<group>"; };
		C3526B101A730000009F4DA7 /* Mapas.h */ = {isa = PBXFileReference; fileEncoding = 4; lastKnownFileType = sourcecode.c.h; path = Mapas.h; sourceTree = "<group>"; };
		C3526B111A730000009F4DA7 /* Mapas.m */ = {isa = PBXFileReference; fileEncoding = 4; lastKnownFileType = sourcecode.c.objc; path = Mapas.m; sourceTree = "<group>"; };
		C3526B131A730000009F4DA7 /* Servicios.h */ = {isa = PBXFileReference; fileEncoding = 4; lastKnownFileType = sourcecode.c.h; path = Servicios.h; sourceTree = "<group>"; };
		C3526B141A730000009F4DA7 /* Servicios.m */ = {isa = PBXFileReference; fileEncoding = 4; lastKnownFileType = sourcecode.c.objc; path = Servicios.m; sourceTree = "<group>"; };
		C3526B161A730D41009F4DA7 /* fono@2x.png */ = {isa = PBXFileReference; lastKnownFileType = image.png; path = "fono@2x.png"; sourceTree = "<group>"; };
		C3526B181A730E28009F4DA7 /* mail@2x.png */ = {isa = PBXFileReference; lastKnownFileType = image.png; path = "mail@2x.png"; sourceTree = "<group>"; };
		C3526B191A730E28009F4DA7 /* web@2x.png */ = {isa = PBXFileReference; lastKnownFileType = image.png; path = "web@2x.png"; sourceTree = "<group>"; };
		C3526B1C1A735691009F4DA7 /* ruta.jpg */ = {isa = PBXFileReference; lastKnownFileType = image.jpeg; path = ruta.jpg; sourceTree = "<group>"; };
		C392D4241A721E30007AA402 /* Informatur2.xcdatamodel */ = {isa = PBXFileReference; lastKnownFileType = wrapper.xcdatamodel; path = Informatur2.xcdatamodel; sourceTree = "<group>"; };
		C392D4311A722D84007AA402 /* ancud.jpg */ = {isa = PBXFileReference; lastKnownFileType = image.jpeg; path = ancud.jpg; sourceTree = "<group>"; };
		C392D4321A722D84007AA402 /* atractivos.jpg */ = {isa = PBXFileReference; lastKnownFileType = image.jpeg; path = atractivos.jpg; sourceTree = "<group>"; };
		C392D4331A722D84007AA402 /* cabalgatas.jpg */ = {isa = PBXFileReference; lastKnownFileType = image.jpeg; path = cabalgatas.jpg; sourceTree = "<group>"; };
		C392D4341A722D84007AA402 /* canopy.jpg */ = {isa = PBXFileReference; lastKnownFileType = image.jpeg; path = canopy.jpg; sourceTree = "<group>"; };
		C392D4351A722D84007AA402 /* castro.jpg */ = {isa = PBXFileReference; lastKnownFileType = image.jpeg; path = castro.jpg; sourceTree = "<group>"; };
		C392D4361A722D84007AA402 /* centroCulturalEstacion.jpg */ = {isa = PBXFileReference; lastKnownFileType = image.jpeg; path = centroCulturalEstacion.jpg; sourceTree = "<group>"; };
		C392D4371A722D84007AA402 /* cerroCalvario.jpg */ = {isa = PBXFileReference; lastKnownFileType = image.jpeg; path = cerroCalvario.jpg; sourceTree = "<group>"; };
		C392D4381A722D84007AA402 /* cerroPhillippi.jpg */ = {isa = PBXFileReference; lastKnownFileType = image.jpeg; path = cerroPhillippi.jpg; sourceTree = "<group>"; };
		C392D4391A722D84007AA402 /* ensenada.jpg */ = {isa = PBXFileReference; lastKnownFileType = image.jpeg; path = ensenada.jpg; sourceTree = "<group>"; };
		C392D43A1A722D84007AA402 /* feriaArtesanal.jpg */ = {isa = PBXFileReference; lastKnownFileType = image.jpeg; path = feriaArtesanal.jpg; sourceTree = "<group>"; };
		C392D43B1A722D84007AA402 /* frutillar.jpg */ = {isa = PBXFileReference; lastKnownFileType = image.jpeg; path = frutillar.jpg; sourceTree = "<group>"; };
		C392D43C1A722D84007AA402 /* grutaDeLourdes.jpg */ = {isa = PBXFileReference; lastKnownFileType = image.jpeg; path = grutaDeLourdes.jpg; sourceTree = "<group>"; };
		C392D43D1A722D84007AA402 /* iglesiaSagradoCorazon.jpg */ = {isa = PBXFileReference; lastKnownFileType = image.jpeg; path = iglesiaSagradoCorazon.jpg; sourceTree = "<group>"; };
		C392D43E1A722D84007AA402 /* kayak.jpg */ = {isa = PBXFileReference; lastKnownFileType = image.jpeg; path = kayak.jpg; sourceTree = "<group>"; };
		C392D43F1A722D84007AA402 /* lagoLLanquihue.jpg */ = {isa = PBXFileReference; lastKnownFileType = image.jpeg; path = lagoLLanquihue.jpg; sourceTree = "<group>"; };
		C392D4401A722D84007AA402 /* lagoTodosLosSantos.jpg */ = {isa = PBXFileReference; lastKnownFileType = image.jpeg; path = lagoTodosLosSantos.jpg; sourceTree = "<group>"; };
		C392D4411A722D84007AA402 /* lagunaVerde.jpg */ = {isa = PBXFileReference; lastKnownFileType = image.jpeg; path = lagunaVerde.jpg; sourceTree = "<group>"; };
		C392D4421A722D84007AA402 /* laPoza.jpg */ = {isa = PBXFileReference; lastKnownFileType = image.jpeg; path = laPoza.jpg; sourceTree = "<group>"; };
		C392D4431A722D84007AA402 /* museoAntonioFelmer.jpg */ = {isa = PBXFileReference; lastKnownFileType = image.jpeg; path = museoAntonioFelmer.jpg; sourceTree = "<group>"; };
		C392D4441A722D84007AA402 /* navegacionLacustre.jpg */ = {isa = PBXFileReference; lastKnownFileType = image.jpeg; path = navegacionLacustre.jpg; sourceTree = "<group>"; };
		C392D4451A722D84007AA402 /* parqueNacionalVicente.jpg */ = {isa = PBXFileReference; lastKnownFileType = image.jpeg; path = parqueNacionalVicente.jpg; sourceTree = "<group>"; };
		C392D4461A722D84007AA402 /* pescaDeportiva.jpg */ = {isa = PBXFileReference; lastKnownFileType = image.jpeg; path = pescaDeportiva.jpg; sourceTree = "<group>"; };
		C392D4471A722D84007AA402 /* peulla.jpg */ = {isa = PBXFileReference; lastKnownFileType = image.jpeg; path = peulla.jpg; sourceTree = "<group>"; };
		C392D4481A722D84007AA402 /* rafting.jpg */ = {isa = PBXFileReference; lastKnownFileType = image.jpeg; path = rafting.jpg; sourceTree = "<group>"; };
		C392D4491A722D84007AA402 /* ralun.jpg */ = {isa = PBXFileReference; lastKnownFileType = image.jpeg; path = ralun.jpg; sourceTree = "<group>"; };
		C392D44A1A722D84007AA402 /* rioPetrohue.jpg */ = {isa = PBXFileReference; lastKnownFileType = image.jpeg; path = rioPetrohue.jpg; sourceTree = "<group>"; };
		C392D44B1A722D84007AA402 /* saltosDelPetrohue.jpg */ = {isa = PBXFileReference; lastKnownFileType = image.jpeg; path = saltosDelPetrohue.jpg; sourceTree = "<group>"; };
		C392D44C1A722D84007AA402 /* ski.jpg */ = {isa = PBXFileReference; lastKnownFileType = image.jpeg; path = ski.jpg; sourceTree = "<group>"; };
		C392D44D1A722D84007AA402 /* termas.jpg */ = {isa = PBXFileReference; lastKnownFileType = image.jpeg; path = termas.jpg; sourceTree = "<group>"; };
		C392D44E1A722D84007AA402 /* volcanOsorno.jpg */ = {isa = PBXFileReference; lastKnownFileType = image.jpeg; path = volcanOsorno.jpg; sourceTree = "<group>"; };
		C392D4501A722D84007AA402 /* bienvenida.jpg */ = {isa = PBXFileReference; lastKnownFileType = image.jpeg; path = bienvenida.jpg; sourceTree = "<group>"; };
		C392D4511A722D84007AA402 /* historia.jpg */ = {isa = PBXFileReference; lastKnownFileType = image.jpeg; path = historia.jpg; sourceTree = "<group>"; };
		C392D4521A722D84007AA402 /* pto.jpg */ = {isa = PBXFileReference; lastKnownFileType = image.jpeg; path = pto.jpg; sourceTree = "<group>"; };
		C392D4551A722D84007AA402 /* comida@2x.png */ = {isa = PBXFileReference; lastKnownFileType = image.png; path = "comida@2x.png"; sourceTree = "<group>"; };
		C392D4561A722D84007AA402 /* home@2x.png */ = {isa = PBXFileReference; lastKnownFileType = image.png; path = "home@2x.png"; sourceTree = "<group>"; };
		C392D4571A722D84007AA402 /* hostal@2x.png */ = {isa = PBXFileReference; lastKnownFileType = image.png; path = "hostal@2x.png"; sourceTree = "<group>"; };
		C392D4581A722D84007AA402 /* map@2x.png */ = {isa = PBXFileReference; lastKnownFileType = image.png; path = "map@2x.png"; sourceTree = "<group>"; };
		C392D4591A722D84007AA402 /* otros@2x.png */ = {isa = PBXFileReference; lastKnownFileType = image.png; path = "otros@2x.png"; sourceTree = "<group>"; };
		C392D45A1A722D84007AA402 /* survey@2x.png */ = {isa = PBXFileReference; lastKnownFileType = image.png; path = "survey@2x.png"; sourceTree = "<group>"; };
		C392D45B1A722D84007AA402 /* tranking@2x.png */ = {isa = PBXFileReference; lastKnownFileType = image.png; path = "tranking@2x.png"; sourceTree = "<group>"; };
		C392D45D1A722D84007AA402 /* Default-568h@2x.png */ = {isa = PBXFileReference; lastKnownFileType = image.png; path = "Default-568h@2x.png"; sourceTree = "<group>"; };
		C392D45E1A722D84007AA402 /* Default-667h@2x.png */ = {isa = PBXFileReference; lastKnownFileType = image.png; path = "Default-667h@2x.png"; sourceTree = "<group>"; };
		C392D45F1A722D84007AA402 /* Default-Portrait-736h@3x.png */ = {isa = PBXFileReference; lastKnownFileType = image.png; path = "Default-Portrait-736h@3x.png"; sourceTree = "<group>"; };
		C392D4601A722D84007AA402 /* Default.png */ = {isa = PBXFileReference; lastKnownFileType = image.png; path = Default.png; sourceTree = "<group>"; };
		C392D4611A722D84007AA402 /* Default@2x.png */ = {isa = PBXFileReference; lastKnownFileType = image.png; path = "Default@2x.png"; sourceTree = "<group>"; };
/* End PBXFileReference section */

/* Begin PBXFrameworksBuildPhase section */
		C341B08B1A71BB2100F9F650 /* Frameworks */ = {
			isa = PBXFrameworksBuildPhase;
			buildActionMask = 2147483647;
			files = (
			);
			runOnlyForDeploymentPostprocessing = 0;
		};
		C341B0A31A71BB2100F9F650 /* Frameworks */ = {
			isa = PBXFrameworksBuildPhase;
			buildActionMask = 2147483647;
			files = (
			);
			runOnlyForDeploymentPostprocessing = 0;
		};
/* End PBXFrameworksBuildPhase section */

/* Begin PBXGroup section */
		C341B0851A71BB2100F9F650 = {
			isa = PBXGroup;
			children = (
				C341B0901A71BB2100F9F650 /* Informatur2 */,
				C341B0A91A71BB2100F9F650 /* Informatur2Tests */,
				C341B08F1A71BB2100F9F650 /* Products */,
			);
			sourceTree = "<group>";
		};
		C341B08F1A71BB2100F9F650 /* Products */ = {
			isa = PBXGroup;
			children = (
				C341B08E1A71BB2100F9F650 /* Informatur2.app */,
				C341B0A61A71BB2100F9F650 /* Informatur2Tests.xctest */,
			);
			name = Products;
			sourceTree = "<group>";
		};
		C341B0901A71BB2100F9F650 /* Informatur2 */ = {
			isa = PBXGroup;
			children = (
				C392D41C1A721E30007AA402 /* Modelengue */,
				C341B0B61A71BB5700F9F650 /* Clases */,
				C341B09A1A71BB2100F9F650 /* Main.storyboard */,
				C341B09D1A71BB2100F9F650 /* Images.xcassets */,
				C341B0931A71BB2100F9F650 /* AppDelegate.swift */,
				C341B0911A71BB2100F9F650 /* Supporting Files */,
			);
			path = Informatur2;
			sourceTree = "<group>";
		};
		C341B0911A71BB2100F9F650 /* Supporting Files */ = {
			isa = PBXGroup;
			children = (
				C392D42F1A722D84007AA402 /* fotitos */,
				C341B1781A71C75C00F9F650 /* Informatur2.sqlite */,
				C341B1681A71BF7200F9F650 /* Informatur2-Bridging-Header.h */,
				C341B0921A71BB2100F9F650 /* Info.plist */,
			);
			name = "Supporting Files";
			sourceTree = "<group>";
		};
		C341B0A91A71BB2100F9F650 /* Informatur2Tests */ = {
			isa = PBXGroup;
			children = (
				C341B0AC1A71BB2100F9F650 /* Informatur2Tests.swift */,
				C341B0AA1A71BB2100F9F650 /* Supporting Files */,
			);
			path = Informatur2Tests;
			sourceTree = "<group>";
		};
		C341B0AA1A71BB2100F9F650 /* Supporting Files */ = {
			isa = PBXGroup;
			children = (
				C341B0AB1A71BB2100F9F650 /* Info.plist */,
			);
			name = "Supporting Files";
			sourceTree = "<group>";
		};
		C341B0B61A71BB5700F9F650 /* Clases */ = {
			isa = PBXGroup;
			children = (
				C341B0B71A71BB5700F9F650 /* AtractivosVC.swift */,
				C341B0B81A71BB5700F9F650 /* DetalleAtractivos.swift */,
				C341B0B91A71BB5700F9F650 /* DetalleInfo.swift */,
				C341B0BA1A71BB5700F9F650 /* DetalleServicios.swift */,
				C341B0BB1A71BB5700F9F650 /* Home.swift */,
				C341B0BC1A71BB5700F9F650 /* MapasVC.swift */,
				C341B0BD1A71BB5700F9F650 /* ServiciosVC.swift */,
			);
			path = Clases;
			sourceTree = "<group>";
		};
		C3526AD01A72E318009F4DA7 /* Servicios */ = {
			isa = PBXGroup;
			children = (
				C311F8291A75067D00A3DA5B /* bombonOrientalCabana.jpg */,
				C3526B011A72EA7E009F4DA7 /* chancerel.jpg */,
				C3526AD11A72E318009F4DA7 /* aromaCalafate.jpg */,
				C3526AD21A72E318009F4DA7 /* artesaniaPuertoGres.jpg */,
				C3526AD31A72E318009F4DA7 /* bombonOriental.jpg */,
				C3526AD41A72E318009F4DA7 /* cabanasDressden.jpg */,
				C3526AD51A72E318009F4DA7 /* cabanasPuertoVaras.jpg */,
				C3526AD61A72E318009F4DA7 /* cabanasRioLodge.jpg */,
				C3526AD71A72E318009F4DA7 /* cabanasZajay.jpg */,
				C3526AD81A72E318009F4DA7 /* cafeHaussmann.jpg */,
				C3526AD91A72E318009F4DA7 /* deinHouse.jpg */,
				C3526ADA1A72E318009F4DA7 /* eloiaBistro.jpg */,
				C3526ADB1A72E318009F4DA7 /* elPatioDeMiCasa.jpg */,
				C3526ADC1A72E318009F4DA7 /* elRetorno.jpg */,
				C3526ADD1A72E318009F4DA7 /* guaton.jpg */,
				C3526ADE1A72E318009F4DA7 /* hospedajeDonRaul.jpg */,
				C3526ADF1A72E318009F4DA7 /* hospedajeGerdaOpitz.jpg */,
				C3526AE01A72E318009F4DA7 /* hostalFamiliar.jpg */,
				C3526B051A72EB59009F4DA7 /* rentCarDressden.jpg */,
				C3526AE11A72E318009F4DA7 /* hostalTantePuppe.jpg */,
				C3526AE21A72E318009F4DA7 /* hotalOpapaJuan.jpg */,
				C3526AE31A72E318009F4DA7 /* lavanderia.jpg */,
				C3526AE41A72E318009F4DA7 /* mozzarella.jpg */,
				C3526AE51A72E318009F4DA7 /* puroToro.jpg */,
				C3526AE81A72E318009F4DA7 /* tierraOutdoors.jpg */,
				C3526B031A72EB4B009F4DA7 /* cafeMamusia.jpg */,
			);
			path = Servicios;
			sourceTree = "<group>";
		};
		C392D41C1A721E30007AA402 /* Modelengue */ = {
			isa = PBXGroup;
			children = (
				C392D4231A721E30007AA402 /* Informatur2.xcdatamodeld */,
				C3526B131A730000009F4DA7 /* Servicios.h */,
				C3526B141A730000009F4DA7 /* Servicios.m */,
				C3526B101A730000009F4DA7 /* Mapas.h */,
				C3526B111A730000009F4DA7 /* Mapas.m */,
				C3526B0D1A730000009F4DA7 /* Info.h */,
				C3526B0E1A730000009F4DA7 /* Info.m */,
				C3526B0A1A730000009F4DA7 /* Bienvenida.h */,
				C3526B0B1A730000009F4DA7 /* Bienvenida.m */,
				C3526B071A72FFFF009F4DA7 /* Atractivos.h */,
				C3526B081A72FFFF009F4DA7 /* Atractivos.m */,
			);
			path = Modelengue;
			sourceTree = "<group>";
		};
		C392D42F1A722D84007AA402 /* fotitos */ = {
			isa = PBXGroup;
			children = (
				C3526AD01A72E318009F4DA7 /* Servicios */,
				C392D4301A722D84007AA402 /* Atractivos */,
				C392D44F1A722D84007AA402 /* Bienvenida */,
				C392D4531A722D84007AA402 /* recursos */,
			);
			path = fotitos;
			sourceTree = "<group>";
		};
		C392D4301A722D84007AA402 /* Atractivos */ = {
			isa = PBXGroup;
			children = (
				C392D4311A722D84007AA402 /* ancud.jpg */,
				C392D4321A722D84007AA402 /* atractivos.jpg */,
				C392D4331A722D84007AA402 /* cabalgatas.jpg */,
				C392D4341A722D84007AA402 /* canopy.jpg */,
				C392D4351A722D84007AA402 /* castro.jpg */,
				C392D4361A722D84007AA402 /* centroCulturalEstacion.jpg */,
				C392D4371A722D84007AA402 /* cerroCalvario.jpg */,
				C392D4381A722D84007AA402 /* cerroPhillippi.jpg */,
				C392D4391A722D84007AA402 /* ensenada.jpg */,
				C392D43A1A722D84007AA402 /* feriaArtesanal.jpg */,
				C392D43B1A722D84007AA402 /* frutillar.jpg */,
				C392D43C1A722D84007AA402 /* grutaDeLourdes.jpg */,
				C392D43D1A722D84007AA402 /* iglesiaSagradoCorazon.jpg */,
				C392D43E1A722D84007AA402 /* kayak.jpg */,
				C392D43F1A722D84007AA402 /* lagoLLanquihue.jpg */,
				C392D4401A722D84007AA402 /* lagoTodosLosSantos.jpg */,
				C392D4411A722D84007AA402 /* lagunaVerde.jpg */,
				C392D4421A722D84007AA402 /* laPoza.jpg */,
				C392D4431A722D84007AA402 /* museoAntonioFelmer.jpg */,
				C392D4441A722D84007AA402 /* navegacionLacustre.jpg */,
				C392D4451A722D84007AA402 /* parqueNacionalVicente.jpg */,
				C392D4461A722D84007AA402 /* pescaDeportiva.jpg */,
				C392D4471A722D84007AA402 /* peulla.jpg */,
				C392D4481A722D84007AA402 /* rafting.jpg */,
				C392D4491A722D84007AA402 /* ralun.jpg */,
				C392D44A1A722D84007AA402 /* rioPetrohue.jpg */,
				C392D44B1A722D84007AA402 /* saltosDelPetrohue.jpg */,
				C392D44C1A722D84007AA402 /* ski.jpg */,
				C392D44D1A722D84007AA402 /* termas.jpg */,
				C392D44E1A722D84007AA402 /* volcanOsorno.jpg */,
			);
			path = Atractivos;
			sourceTree = "<group>";
		};
		C392D44F1A722D84007AA402 /* Bienvenida */ = {
			isa = PBXGroup;
			children = (
				C3526B1C1A735691009F4DA7 /* ruta.jpg */,
				C392D4501A722D84007AA402 /* bienvenida.jpg */,
				C392D4511A722D84007AA402 /* historia.jpg */,
				C392D4521A722D84007AA402 /* pto.jpg */,
			);
			path = Bienvenida;
			sourceTree = "<group>";
		};
		C392D4531A722D84007AA402 /* recursos */ = {
			isa = PBXGroup;
			children = (
				C392D4541A722D84007AA402 /* iconos */,
				C392D45C1A722D84007AA402 /* splashs */,
			);
			path = recursos;
			sourceTree = "<group>";
		};
		C392D4541A722D84007AA402 /* iconos */ = {
			isa = PBXGroup;
			children = (
				C33BF8501A75100E0092CD1D /* contacto@2x.png */,
				C3526B181A730E28009F4DA7 /* mail@2x.png */,
				C3526B191A730E28009F4DA7 /* web@2x.png */,
				C3526B161A730D41009F4DA7 /* fono@2x.png */,
				C392D4551A722D84007AA402 /* comida@2x.png */,
				C392D4561A722D84007AA402 /* home@2x.png */,
				C392D4571A722D84007AA402 /* hostal@2x.png */,
				C392D4581A722D84007AA402 /* map@2x.png */,
				C392D4591A722D84007AA402 /* otros@2x.png */,
				C392D45A1A722D84007AA402 /* survey@2x.png */,
				C392D45B1A722D84007AA402 /* tranking@2x.png */,
			);
			path = iconos;
			sourceTree = "<group>";
		};
		C392D45C1A722D84007AA402 /* splashs */ = {
			isa = PBXGroup;
			children = (
				C392D45D1A722D84007AA402 /* Default-568h@2x.png */,
				C392D45E1A722D84007AA402 /* Default-667h@2x.png */,
				C392D45F1A722D84007AA402 /* Default-Portrait-736h@3x.png */,
				C392D4601A722D84007AA402 /* Default.png */,
				C392D4611A722D84007AA402 /* Default@2x.png */,
			);
			path = splashs;
			sourceTree = "<group>";
		};
/* End PBXGroup section */

/* Begin PBXNativeTarget section */
		C341B08D1A71BB2100F9F650 /* Informatur2 */ = {
			isa = PBXNativeTarget;
			buildConfigurationList = C341B0B01A71BB2100F9F650 /* Build configuration list for PBXNativeTarget "Informatur2" */;
			buildPhases = (
				C341B08A1A71BB2100F9F650 /* Sources */,
				C341B08B1A71BB2100F9F650 /* Frameworks */,
				C341B08C1A71BB2100F9F650 /* Resources */,
			);
			buildRules = (
			);
			dependencies = (
			);
			name = Informatur2;
			productName = Informatur2;
			productReference = C341B08E1A71BB2100F9F650 /* Informatur2.app */;
			productType = "com.apple.product-type.application";
		};
		C341B0A51A71BB2100F9F650 /* Informatur2Tests */ = {
			isa = PBXNativeTarget;
			buildConfigurationList = C341B0B31A71BB2100F9F650 /* Build configuration list for PBXNativeTarget "Informatur2Tests" */;
			buildPhases = (
				C341B0A21A71BB2100F9F650 /* Sources */,
				C341B0A31A71BB2100F9F650 /* Frameworks */,
				C341B0A41A71BB2100F9F650 /* Resources */,
			);
			buildRules = (
			);
			dependencies = (
				C341B0A81A71BB2100F9F650 /* PBXTargetDependency */,
			);
			name = Informatur2Tests;
			productName = Informatur2Tests;
			productReference = C341B0A61A71BB2100F9F650 /* Informatur2Tests.xctest */;
			productType = "com.apple.product-type.bundle.unit-test";
		};
/* End PBXNativeTarget section */

/* Begin PBXProject section */
		C341B0861A71BB2100F9F650 /* Project object */ = {
			isa = PBXProject;
			attributes = {
				LastUpgradeCheck = 0610;
				ORGANIZATIONNAME = "Arturo Sanhueza";
				TargetAttributes = {
					C341B08D1A71BB2100F9F650 = {
						CreatedOnToolsVersion = 6.1.1;
					};
					C341B0A51A71BB2100F9F650 = {
						CreatedOnToolsVersion = 6.1.1;
						TestTargetID = C341B08D1A71BB2100F9F650;
					};
				};
			};
			buildConfigurationList = C341B0891A71BB2100F9F650 /* Build configuration list for PBXProject "Informatur2" */;
			compatibilityVersion = "Xcode 3.2";
			developmentRegion = English;
			hasScannedForEncodings = 0;
			knownRegions = (
				en,
				Base,
			);
			mainGroup = C341B0851A71BB2100F9F650;
			productRefGroup = C341B08F1A71BB2100F9F650 /* Products */;
			projectDirPath = "";
			projectRoot = "";
			targets = (
				C341B08D1A71BB2100F9F650 /* Informatur2 */,
				C341B0A51A71BB2100F9F650 /* Informatur2Tests */,
			);
		};
/* End PBXProject section */

/* Begin PBXResourcesBuildPhase section */
		C341B08C1A71BB2100F9F650 /* Resources */ = {
			isa = PBXResourcesBuildPhase;
			buildActionMask = 2147483647;
			files = (
				C3526AF31A72E318009F4DA7 /* elPatioDeMiCasa.jpg in Resources */,
				C392D4911A722D84007AA402 /* Default@2x.png in Resources */,
				C3526AF11A72E318009F4DA7 /* deinHouse.jpg in Resources */,
				C341B1791A71C75C00F9F650 /* Informatur2.sqlite in Resources */,
				C392D48D1A722D84007AA402 /* Default-568h@2x.png in Resources */,
				C3526B041A72EB4B009F4DA7 /* cafeMamusia.jpg in Resources */,
				C3526AF91A72E318009F4DA7 /* hostalTantePuppe.jpg in Resources */,
				C392D4661A722D84007AA402 /* atractivos.jpg in Resources */,
				C3526B001A72E318009F4DA7 /* tierraOutdoors.jpg in Resources */,
				C392D46D1A722D84007AA402 /* ensenada.jpg in Resources */,
				C392D48E1A722D84007AA402 /* Default-667h@2x.png in Resources */,
				C392D4871A722D84007AA402 /* home@2x.png in Resources */,
				C392D47E1A722D84007AA402 /* rioPetrohue.jpg in Resources */,
				C33BF8511A75100E0092CD1D /* contacto@2x.png in Resources */,
				C392D4711A722D84007AA402 /* iglesiaSagradoCorazon.jpg in Resources */,
				C392D4811A722D84007AA402 /* termas.jpg in Resources */,
				C392D4701A722D84007AA402 /* grutaDeLourdes.jpg in Resources */,
				C3526AFA1A72E318009F4DA7 /* hotalOpapaJuan.jpg in Resources */,
				C392D4671A722D84007AA402 /* cabalgatas.jpg in Resources */,
				C392D4831A722D84007AA402 /* bienvenida.jpg in Resources */,
				C3526AE91A72E318009F4DA7 /* aromaCalafate.jpg in Resources */,
				C3526AEA1A72E318009F4DA7 /* artesaniaPuertoGres.jpg in Resources */,
				C392D46E1A722D84007AA402 /* feriaArtesanal.jpg in Resources */,
				C392D4861A722D84007AA402 /* comida@2x.png in Resources */,
				C3526AED1A72E318009F4DA7 /* cabanasPuertoVaras.jpg in Resources */,
				C3526B171A730D41009F4DA7 /* fono@2x.png in Resources */,
				C392D4761A722D84007AA402 /* laPoza.jpg in Resources */,
				C392D4681A722D84007AA402 /* canopy.jpg in Resources */,
				C392D48C1A722D84007AA402 /* tranking@2x.png in Resources */,
				C3526AFB1A72E318009F4DA7 /* lavanderia.jpg in Resources */,
				C3526AFC1A72E318009F4DA7 /* mozzarella.jpg in Resources */,
				C392D4801A722D84007AA402 /* ski.jpg in Resources */,
				C341B09C1A71BB2100F9F650 /* Main.storyboard in Resources */,
				C3526AEB1A72E318009F4DA7 /* bombonOriental.jpg in Resources */,
				C3526B1A1A730E28009F4DA7 /* mail@2x.png in Resources */,
				C3526AF41A72E318009F4DA7 /* elRetorno.jpg in Resources */,
				C392D4901A722D84007AA402 /* Default.png in Resources */,
				C311F82A1A75067D00A3DA5B /* bombonOrientalCabana.jpg in Resources */,
				C3526AFD1A72E318009F4DA7 /* puroToro.jpg in Resources */,
				C392D4881A722D84007AA402 /* hostal@2x.png in Resources */,
				C392D46F1A722D84007AA402 /* frutillar.jpg in Resources */,
				C392D4691A722D84007AA402 /* castro.jpg in Resources */,
				C392D46B1A722D84007AA402 /* cerroCalvario.jpg in Resources */,
				C392D4731A722D84007AA402 /* lagoLLanquihue.jpg in Resources */,
				C3526B1D1A735691009F4DA7 /* ruta.jpg in Resources */,
				C3526B061A72EB5A009F4DA7 /* rentCarDressden.jpg in Resources */,
				C392D4891A722D84007AA402 /* map@2x.png in Resources */,
				C392D47B1A722D84007AA402 /* peulla.jpg in Resources */,
				C3526AEC1A72E318009F4DA7 /* cabanasDressden.jpg in Resources */,
				C3526AF71A72E318009F4DA7 /* hospedajeGerdaOpitz.jpg in Resources */,
				C3526B021A72EA7E009F4DA7 /* chancerel.jpg in Resources */,
				C341B09E1A71BB2100F9F650 /* Images.xcassets in Resources */,
				C3526AF61A72E318009F4DA7 /* hospedajeDonRaul.jpg in Resources */,
				C392D48B1A722D84007AA402 /* survey@2x.png in Resources */,
				C392D46C1A722D84007AA402 /* cerroPhillippi.jpg in Resources */,
				C392D4741A722D84007AA402 /* lagoTodosLosSantos.jpg in Resources */,
				C3526B1B1A730E28009F4DA7 /* web@2x.png in Resources */,
				C3526AF01A72E318009F4DA7 /* cafeHaussmann.jpg in Resources */,
				C3526AF51A72E318009F4DA7 /* guaton.jpg in Resources */,
				C392D47F1A722D84007AA402 /* saltosDelPetrohue.jpg in Resources */,
				C392D47D1A722D84007AA402 /* ralun.jpg in Resources */,
				C392D4791A722D84007AA402 /* parqueNacionalVicente.jpg in Resources */,
				C392D4751A722D84007AA402 /* lagunaVerde.jpg in Resources */,
				C392D47A1A722D84007AA402 /* pescaDeportiva.jpg in Resources */,
				C3526AF81A72E318009F4DA7 /* hostalFamiliar.jpg in Resources */,
				C392D4651A722D84007AA402 /* ancud.jpg in Resources */,
				C3526AEF1A72E318009F4DA7 /* cabanasZajay.jpg in Resources */,
				C392D48F1A722D84007AA402 /* Default-Portrait-736h@3x.png in Resources */,
				C3526AF21A72E318009F4DA7 /* eloiaBistro.jpg in Resources */,
				C3526AEE1A72E318009F4DA7 /* cabanasRioLodge.jpg in Resources */,
				C392D4781A722D84007AA402 /* navegacionLacustre.jpg in Resources */,
				C392D47C1A722D84007AA402 /* rafting.jpg in Resources */,
				C392D4841A722D84007AA402 /* historia.jpg in Resources */,
				C392D48A1A722D84007AA402 /* otros@2x.png in Resources */,
				C392D46A1A722D84007AA402 /* centroCulturalEstacion.jpg in Resources */,
				C392D4821A722D84007AA402 /* volcanOsorno.jpg in Resources */,
				C392D4851A722D84007AA402 /* pto.jpg in Resources */,
				C392D4721A722D84007AA402 /* kayak.jpg in Resources */,
				C392D4771A722D84007AA402 /* museoAntonioFelmer.jpg in Resources */,
			);
			runOnlyForDeploymentPostprocessing = 0;
		};
		C341B0A41A71BB2100F9F650 /* Resources */ = {
			isa = PBXResourcesBuildPhase;
			buildActionMask = 2147483647;
			files = (
			);
			runOnlyForDeploymentPostprocessing = 0;
		};
/* End PBXResourcesBuildPhase section */

/* Begin PBXSourcesBuildPhase section */
		C341B08A1A71BB2100F9F650 /* Sources */ = {
			isa = PBXSourcesBuildPhase;
			buildActionMask = 2147483647;
			files = (
				C341B0C41A71BB5700F9F650 /* ServiciosVC.swift in Sources */,
				C392D42C1A721E30007AA402 /* Informatur2.xcdatamodeld in Sources */,
				C341B0C31A71BB5700F9F650 /* MapasVC.swift in Sources */,
				C3526B121A730000009F4DA7 /* Mapas.m in Sources */,
				C341B0941A71BB2100F9F650 /* AppDelegate.swift in Sources */,
				C341B0C01A71BB5700F9F650 /* DetalleInfo.swift in Sources */,
				C3526B0F1A730000009F4DA7 /* Info.m in Sources */,
				C341B0BF1A71BB5700F9F650 /* DetalleAtractivos.swift in Sources */,
				C3526B0C1A730000009F4DA7 /* Bienvenida.m in Sources */,
				C3526B151A730000009F4DA7 /* Servicios.m in Sources */,
				C341B0C11A71BB5700F9F650 /* DetalleServicios.swift in Sources */,
				C3526B091A72FFFF009F4DA7 /* Atractivos.m in Sources */,
				C341B0BE1A71BB5700F9F650 /* AtractivosVC.swift in Sources */,
				C341B0C21A71BB5700F9F650 /* Home.swift in Sources */,
			);
			runOnlyForDeploymentPostprocessing = 0;
		};
		C341B0A21A71BB2100F9F650 /* Sources */ = {
			isa = PBXSourcesBuildPhase;
			buildActionMask = 2147483647;
			files = (
				C341B0AD1A71BB2100F9F650 /* Informatur2Tests.swift in Sources */,
			);
			runOnlyForDeploymentPostprocessing = 0;
		};
/* End PBXSourcesBuildPhase section */

/* Begin PBXTargetDependency section */
		C341B0A81A71BB2100F9F650 /* PBXTargetDependency */ = {
			isa = PBXTargetDependency;
			target = C341B08D1A71BB2100F9F650 /* Informatur2 */;
			targetProxy = C341B0A71A71BB2100F9F650 /* PBXContainerItemProxy */;
		};
/* End PBXTargetDependency section */

/* Begin PBXVariantGroup section */
		C341B09A1A71BB2100F9F650 /* Main.storyboard */ = {
			isa = PBXVariantGroup;
			children = (
				C341B09B1A71BB2100F9F650 /* Base */,
			);
			name = Main.storyboard;
			sourceTree = "<group>";
		};
/* End PBXVariantGroup section */

/* Begin XCBuildConfiguration section */
		C341B0AE1A71BB2100F9F650 /* Debug */ = {
			isa = XCBuildConfiguration;
			buildSettings = {
				ALWAYS_SEARCH_USER_PATHS = NO;
				CLANG_CXX_LANGUAGE_STANDARD = "gnu++0x";
				CLANG_CXX_LIBRARY = "libc++";
				CLANG_ENABLE_MODULES = YES;
				CLANG_ENABLE_OBJC_ARC = YES;
				CLANG_WARN_BOOL_CONVERSION = YES;
				CLANG_WARN_CONSTANT_CONVERSION = YES;
				CLANG_WARN_DIRECT_OBJC_ISA_USAGE = YES_ERROR;
				CLANG_WARN_EMPTY_BODY = YES;
				CLANG_WARN_ENUM_CONVERSION = YES;
				CLANG_WARN_INT_CONVERSION = YES;
				CLANG_WARN_OBJC_ROOT_CLASS = YES_ERROR;
				CLANG_WARN_UNREACHABLE_CODE = YES;
				CLANG_WARN__DUPLICATE_METHOD_MATCH = YES;
				"CODE_SIGN_IDENTITY[sdk=iphoneos*]" = "iPhone Developer";
				COPY_PHASE_STRIP = NO;
				ENABLE_STRICT_OBJC_MSGSEND = YES;
				GCC_C_LANGUAGE_STANDARD = gnu99;
				GCC_DYNAMIC_NO_PIC = NO;
				GCC_OPTIMIZATION_LEVEL = 0;
				GCC_PREPROCESSOR_DEFINITIONS = (
					"DEBUG=1",
					"$(inherited)",
				);
				GCC_SYMBOLS_PRIVATE_EXTERN = NO;
				GCC_WARN_64_TO_32_BIT_CONVERSION = YES;
				GCC_WARN_ABOUT_RETURN_TYPE = YES_ERROR;
				GCC_WARN_UNDECLARED_SELECTOR = YES;
				GCC_WARN_UNINITIALIZED_AUTOS = YES_AGGRESSIVE;
				GCC_WARN_UNUSED_FUNCTION = YES;
				GCC_WARN_UNUSED_VARIABLE = YES;
				IPHONEOS_DEPLOYMENT_TARGET = 8.1;
				MTL_ENABLE_DEBUG_INFO = YES;
				ONLY_ACTIVE_ARCH = YES;
				SDKROOT = iphoneos;
				SWIFT_OPTIMIZATION_LEVEL = "-Onone";
				TARGETED_DEVICE_FAMILY = "1,2";
			};
			name = Debug;
		};
		C341B0AF1A71BB2100F9F650 /* Release */ = {
			isa = XCBuildConfiguration;
			buildSettings = {
				ALWAYS_SEARCH_USER_PATHS = NO;
				CLANG_CXX_LANGUAGE_STANDARD = "gnu++0x";
				CLANG_CXX_LIBRARY = "libc++";
				CLANG_ENABLE_MODULES = YES;
				CLANG_ENABLE_OBJC_ARC = YES;
				CLANG_WARN_BOOL_CONVERSION = YES;
				CLANG_WARN_CONSTANT_CONVERSION = YES;
				CLANG_WARN_DIRECT_OBJC_ISA_USAGE = YES_ERROR;
				CLANG_WARN_EMPTY_BODY = YES;
				CLANG_WARN_ENUM_CONVERSION = YES;
				CLANG_WARN_INT_CONVERSION = YES;
				CLANG_WARN_OBJC_ROOT_CLASS = YES_ERROR;
				CLANG_WARN_UNREACHABLE_CODE = YES;
				CLANG_WARN__DUPLICATE_METHOD_MATCH = YES;
				"CODE_SIGN_IDENTITY[sdk=iphoneos*]" = "iPhone Developer";
				COPY_PHASE_STRIP = YES;
				ENABLE_NS_ASSERTIONS = NO;
				ENABLE_STRICT_OBJC_MSGSEND = YES;
				GCC_C_LANGUAGE_STANDARD = gnu99;
				GCC_WARN_64_TO_32_BIT_CONVERSION = YES;
				GCC_WARN_ABOUT_RETURN_TYPE = YES_ERROR;
				GCC_WARN_UNDECLARED_SELECTOR = YES;
				GCC_WARN_UNINITIALIZED_AUTOS = YES_AGGRESSIVE;
				GCC_WARN_UNUSED_FUNCTION = YES;
				GCC_WARN_UNUSED_VARIABLE = YES;
				IPHONEOS_DEPLOYMENT_TARGET = 8.1;
				MTL_ENABLE_DEBUG_INFO = NO;
				SDKROOT = iphoneos;
				TARGETED_DEVICE_FAMILY = "1,2";
				VALIDATE_PRODUCT = YES;
			};
			name = Release;
		};
		C341B0B11A71BB2100F9F650 /* Debug */ = {
			isa = XCBuildConfiguration;
			buildSettings = {
				ASSETCATALOG_COMPILER_APPICON_NAME = AppIcon;
				CLANG_ENABLE_MODULES = YES;
				INFOPLIST_FILE = Informatur2/Info.plist;
				LD_RUNPATH_SEARCH_PATHS = "$(inherited) @executable_path/Frameworks";
				PRODUCT_NAME = "$(TARGET_NAME)";
				SWIFT_OBJC_BRIDGING_HEADER = "Informatur2/Informatur2-Bridging-Header.h";
				SWIFT_OPTIMIZATION_LEVEL = "-Onone";
			};
			name = Debug;
		};
		C341B0B21A71BB2100F9F650 /* Release */ = {
			isa = XCBuildConfiguration;
			buildSettings = {
				ASSETCATALOG_COMPILER_APPICON_NAME = AppIcon;
				CLANG_ENABLE_MODULES = YES;
				INFOPLIST_FILE = Informatur2/Info.plist;
				LD_RUNPATH_SEARCH_PATHS = "$(inherited) @executable_path/Frameworks";
				PRODUCT_NAME = "$(TARGET_NAME)";
				SWIFT_OBJC_BRIDGING_HEADER = "Informatur2/Informatur2-Bridging-Header.h";
			};
			name = Release;
		};
		C341B0B41A71BB2100F9F650 /* Debug */ = {
			isa = XCBuildConfiguration;
			buildSettings = {
				BUNDLE_LOADER = "$(TEST_HOST)";
				FRAMEWORK_SEARCH_PATHS = (
					"$(SDKROOT)/Developer/Library/Frameworks",
					"$(inherited)",
				);
				GCC_PREPROCESSOR_DEFINITIONS = (
					"DEBUG=1",
					"$(inherited)",
				);
				INFOPLIST_FILE = Informatur2Tests/Info.plist;
				LD_RUNPATH_SEARCH_PATHS = "$(inherited) @executable_path/Frameworks @loader_path/Frameworks";
				PRODUCT_NAME = "$(TARGET_NAME)";
				TEST_HOST = "$(BUILT_PRODUCTS_DIR)/Informatur2.app/Informatur2";
			};
			name = Debug;
		};
		C341B0B51A71BB2100F9F650 /* Release */ = {
			isa = XCBuildConfiguration;
			buildSettings = {
				BUNDLE_LOADER = "$(TEST_HOST)";
				FRAMEWORK_SEARCH_PATHS = (
					"$(SDKROOT)/Developer/Library/Frameworks",
					"$(inherited)",
				);
				INFOPLIST_FILE = Informatur2Tests/Info.plist;
				LD_RUNPATH_SEARCH_PATHS = "$(inherited) @executable_path/Frameworks @loader_path/Frameworks";
				PRODUCT_NAME = "$(TARGET_NAME)";
				TEST_HOST = "$(BUILT_PRODUCTS_DIR)/Informatur2.app/Informatur2";
			};
			name = Release;
		};
/* End XCBuildConfiguration section */

/* Begin XCConfigurationList section */
		C341B0891A71BB2100F9F650 /* Build configuration list for PBXProject "Informatur2" */ = {
			isa = XCConfigurationList;
			buildConfigurations = (
				C341B0AE1A71BB2100F9F650 /* Debug */,
				C341B0AF1A71BB2100F9F650 /* Release */,
			);
			defaultConfigurationIsVisible = 0;
			defaultConfigurationName = Release;
		};
		C341B0B01A71BB2100F9F650 /* Build configuration list for PBXNativeTarget "Informatur2" */ = {
			isa = XCConfigurationList;
			buildConfigurations = (
				C341B0B11A71BB2100F9F650 /* Debug */,
				C341B0B21A71BB2100F9F650 /* Release */,
			);
			defaultConfigurationIsVisible = 0;
			defaultConfigurationName = Release;
		};
		C341B0B31A71BB2100F9F650 /* Build configuration list for PBXNativeTarget "Informatur2Tests" */ = {
			isa = XCConfigurationList;
			buildConfigurations = (
				C341B0B41A71BB2100F9F650 /* Debug */,
				C341B0B51A71BB2100F9F650 /* Release */,
			);
			defaultConfigurationIsVisible = 0;
			defaultConfigurationName = Release;
		};
/* End XCConfigurationList section */

/* Begin XCVersionGroup section */
		C392D4231A721E30007AA402 /* Informatur2.xcdatamodeld */ = {
			isa = XCVersionGroup;
			children = (
				C392D4241A721E30007AA402 /* Informatur2.xcdatamodel */,
			);
			currentVersion = C392D4241A721E30007AA402 /* Informatur2.xcdatamodel */;
			path = Informatur2.xcdatamodeld;
			sourceTree = "<group>";
			versionGroupType = wrapper.xcdatamodel;
		};
/* End XCVersionGroup section */
	};
	rootObject = C341B0861A71BB2100F9F650 /* Project object */;
}
