// !$*UTF8*$!
{
	archiveVersion = 1;
	classes = {
	};
	objectVersion = 46;
	objects = {

/* Begin PBXBuildFile section */
		C341B0941A71BB2100F9F650 /* AppDelegate.swift in Sources */ = {isa = PBXBuildFile; fileRef = C341B0931A71BB2100F9F650 /* AppDelegate.swift */; };
		C341B0971A71BB2100F9F650 /* Informatur2.xcdatamodeld in Sources */ = {isa = PBXBuildFile; fileRef = C341B0951A71BB2100F9F650 /* Informatur2.xcdatamodeld */; };
		C341B0991A71BB2100F9F650 /* ViewController.swift in Sources */ = {isa = PBXBuildFile; fileRef = C341B0981A71BB2100F9F650 /* ViewController.swift */; };
		C341B09C1A71BB2100F9F650 /* Main.storyboard in Resources */ = {isa = PBXBuildFile; fileRef = C341B09A1A71BB2100F9F650 /* Main.storyboard */; };
		C341B09E1A71BB2100F9F650 /* Images.xcassets in Resources */ = {isa = PBXBuildFile; fileRef = C341B09D1A71BB2100F9F650 /* Images.xcassets */; };
		C341B0A11A71BB2100F9F650 /* LaunchScreen.xib in Resources */ = {isa = PBXBuildFile; fileRef = C341B09F1A71BB2100F9F650 /* LaunchScreen.xib */; };
		C341B0AD1A71BB2100F9F650 /* Informatur2Tests.swift in Sources */ = {isa = PBXBuildFile; fileRef = C341B0AC1A71BB2100F9F650 /* Informatur2Tests.swift */; };
/* End PBXBuildFile section */

/* Begin PBXContainerItemProxy section */
		C341B0A71A71BB2100F9F650 /* PBXContainerItemProxy */ = {
			isa = PBXContainerItemProxy;
			containerPortal = C341B0861A71BB2100F9F650 /* Project object */;
			proxyType = 1;
			remoteGlobalIDString = C341B08D1A71BB2100F9F650;
			remoteInfo = Informatur2;
		};
/* End PBXContainerItemProxy section */

/* Begin PBXFileReference section */
		C341B08E1A71BB2100F9F650 /* Informatur2.app */ = {isa = PBXFileReference; explicitFileType = wrapper.application; includeInIndex = 0; path = Informatur2.app; sourceTree = BUILT_PRODUCTS_DIR; };
		C341B0921A71BB2100F9F650 /* Info.plist */ = {isa = PBXFileReference; lastKnownFileType = text.plist.xml; path = Info.plist; sourceTree = "<group>"; };
		C341B0931A71BB2100F9F650 /* AppDelegate.swift */ = {isa = PBXFileReference; lastKnownFileType = sourcecode.swift; path = AppDelegate.swift; sourceTree = "<group>"; };
		C341B0961A71BB2100F9F650 /* Informatur2.xcdatamodel */ = {isa = PBXFileReference; lastKnownFileType = wrapper.xcdatamodel; path = Informatur2.xcdatamodel; sourceTree = "<group>"; };
		C341B0981A71BB2100F9F650 /* ViewController.swift */ = {isa = PBXFileReference; lastKnownFileType = sourcecode.swift; path = ViewController.swift; sourceTree = "<group>"; };
		C341B09B1A71BB2100F9F650 /* Base */ = {isa = PBXFileReference; lastKnownFileType = file.storyboard; name = Base; path = Base.lproj/Main.storyboard; sourceTree = "<group>"; };
		C341B09D1A71BB2100F9F650 /* Images.xcassets */ = {isa = PBXFileReference; lastKnownFileType = folder.assetcatalog; path = Images.xcassets; sourceTree = "<group>"; };
		C341B0A01A71BB2100F9F650 /* Base */ = {isa = PBXFileReference; lastKnownFileType = file.xib; name = Base; path = Base.lproj/LaunchScreen.xib; sourceTree = "<group>"; };
		C341B0A61A71BB2100F9F650 /* Informatur2Tests.xctest */ = {isa = PBXFileReference; explicitFileType = wrapper.cfbundle; includeInIndex = 0; path = Informatur2Tests.xctest; sourceTree = BUILT_PRODUCTS_DIR; };
		C341B0AB1A71BB2100F9F650 /* Info.plist */ = {isa = PBXFileReference; lastKnownFileType = text.plist.xml; path = Info.plist; sourceTree = "<group>"; };
		C341B0AC1A71BB2100F9F650 /* Informatur2Tests.swift */ = {isa = PBXFileReference; lastKnownFileType = sourcecode.swift; path = Informatur2Tests.swift; sourceTree = "<group>"; };
/* End PBXFileReference section */

/* Begin PBXFrameworksBuildPhase section */
		C341B08B1A71BB2100F9F650 /* Frameworks */ = {
			isa = PBXFrameworksBuildPhase;
			buildActionMask = 2147483647;
			files = (
			);
			runOnlyForDeploymentPostprocessing = 0;
		};
		C341B0A31A71BB2100F9F650 /* Frameworks */ = {
			isa = PBXFrameworksBuildPhase;
			buildActionMask = 2147483647;
			files = (
			);
			runOnlyForDeploymentPostprocessing = 0;
		};
/* End PBXFrameworksBuildPhase section */

/* Begin PBXGroup section */
		C341B0851A71BB2100F9F650 = {
			isa = PBXGroup;
			children = (
				C341B0901A71BB2100F9F650 /* Informatur2 */,
				C341B0A91A71BB2100F9F650 /* Informatur2Tests */,
				C341B08F1A71BB2100F9F650 /* Products */,
			);
			sourceTree = "<group>";
		};
		C341B08F1A71BB2100F9F650 /* Products */ = {
			isa = PBXGroup;
			children = (
				C341B08E1A71BB2100F9F650 /* Informatur2.app */,
				C341B0A61A71BB2100F9F650 /* Informatur2Tests.xctest */,
			);
			name = Products;
			sourceTree = "<group>";
		};
		C341B0901A71BB2100F9F650 /* Informatur2 */ = {
			isa = PBXGroup;
			children = (
				C341B0931A71BB2100F9F650 /* AppDelegate.swift */,
				C341B0981A71BB2100F9F650 /* ViewController.swift */,
				C341B09A1A71BB2100F9F650 /* Main.storyboard */,
				C341B09D1A71BB2100F9F650 /* Images.xcassets */,
				C341B09F1A71BB2100F9F650 /* LaunchScreen.xib */,
				C341B0951A71BB2100F9F650 /* Informatur2.xcdatamodeld */,
				C341B0911A71BB2100F9F650 /* Supporting Files */,
			);
			path = Informatur2;
			sourceTree = "<group>";
		};
		C341B0911A71BB2100F9F650 /* Supporting Files */ = {
			isa = PBXGroup;
			children = (
				C341B0921A71BB2100F9F650 /* Info.plist */,
			);
			name = "Supporting Files";
			sourceTree = "<group>";
		};
		C341B0A91A71BB2100F9F650 /* Informatur2Tests */ = {
			isa = PBXGroup;
			children = (
				C341B0AC1A71BB2100F9F650 /* Informatur2Tests.swift */,
				C341B0AA1A71BB2100F9F650 /* Supporting Files */,
			);
			path = Informatur2Tests;
			sourceTree = "<group>";
		};
		C341B0AA1A71BB2100F9F650 /* Supporting Files */ = {
			isa = PBXGroup;
			children = (
				C341B0AB1A71BB2100F9F650 /* Info.plist */,
			);
			name = "Supporting Files";
			sourceTree = "<group>";
		};
/* End PBXGroup section */

/* Begin PBXNativeTarget section */
		C341B08D1A71BB2100F9F650 /* Informatur2 */ = {
			isa = PBXNativeTarget;
			buildConfigurationList = C341B0B01A71BB2100F9F650 /* Build configuration list for PBXNativeTarget "Informatur2" */;
			buildPhases = (
				C341B08A1A71BB2100F9F650 /* Sources */,
				C341B08B1A71BB2100F9F650 /* Frameworks */,
				C341B08C1A71BB2100F9F650 /* Resources */,
			);
			buildRules = (
			);
			dependencies = (
			);
			name = Informatur2;
			productName = Informatur2;
			productReference = C341B08E1A71BB2100F9F650 /* Informatur2.app */;
			productType = "com.apple.product-type.application";
		};
		C341B0A51A71BB2100F9F650 /* Informatur2Tests */ = {
			isa = PBXNativeTarget;
			buildConfigurationList = C341B0B31A71BB2100F9F650 /* Build configuration list for PBXNativeTarget "Informatur2Tests" */;
			buildPhases = (
				C341B0A21A71BB2100F9F650 /* Sources */,
				C341B0A31A71BB2100F9F650 /* Frameworks */,
				C341B0A41A71BB2100F9F650 /* Resources */,
			);
			buildRules = (
			);
			dependencies = (
				C341B0A81A71BB2100F9F650 /* PBXTargetDependency */,
			);
			name = Informatur2Tests;
			productName = Informatur2Tests;
			productReference = C341B0A61A71BB2100F9F650 /* Informatur2Tests.xctest */;
			productType = "com.apple.product-type.bundle.unit-test";
		};
/* End PBXNativeTarget section */

/* Begin PBXProject section */
		C341B0861A71BB2100F9F650 /* Project object */ = {
			isa = PBXProject;
			attributes = {
				LastUpgradeCheck = 0610;
				ORGANIZATIONNAME = "Arturo Sanhueza";
				TargetAttributes = {
					C341B08D1A71BB2100F9F650 = {
						CreatedOnToolsVersion = 6.1.1;
					};
					C341B0A51A71BB2100F9F650 = {
						CreatedOnToolsVersion = 6.1.1;
						TestTargetID = C341B08D1A71BB2100F9F650;
					};
				};
			};
			buildConfigurationList = C341B0891A71BB2100F9F650 /* Build configuration list for PBXProject "Informatur2" */;
			compatibilityVersion = "Xcode 3.2";
			developmentRegion = English;
			hasScannedForEncodings = 0;
			knownRegions = (
				en,
				Base,
			);
			mainGroup = C341B0851A71BB2100F9F650;
			productRefGroup = C341B08F1A71BB2100F9F650 /* Products */;
			projectDirPath = "";
			projectRoot = "";
			targets = (
				C341B08D1A71BB2100F9F650 /* Informatur2 */,
				C341B0A51A71BB2100F9F650 /* Informatur2Tests */,
			);
		};
/* End PBXProject section */

/* Begin PBXResourcesBuildPhase section */
		C341B08C1A71BB2100F9F650 /* Resources */ = {
			isa = PBXResourcesBuildPhase;
			buildActionMask = 2147483647;
			files = (
				C341B09C1A71BB2100F9F650 /* Main.storyboard in Resources */,
				C341B0A11A71BB2100F9F650 /* LaunchScreen.xib in Resources */,
				C341B09E1A71BB2100F9F650 /* Images.xcassets in Resources */,
			);
			runOnlyForDeploymentPostprocessing = 0;
		};
		C341B0A41A71BB2100F9F650 /* Resources */ = {
			isa = PBXResourcesBuildPhase;
			buildActionMask = 2147483647;
			files = (
			);
			runOnlyForDeploymentPostprocessing = 0;
		};
/* End PBXResourcesBuildPhase section */

/* Begin PBXSourcesBuildPhase section */
		C341B08A1A71BB2100F9F650 /* Sources */ = {
			isa = PBXSourcesBuildPhase;
			buildActionMask = 2147483647;
			files = (
				C341B0991A71BB2100F9F650 /* ViewController.swift in Sources */,
				C341B0941A71BB2100F9F650 /* AppDelegate.swift in Sources */,
				C341B0971A71BB2100F9F650 /* Informatur2.xcdatamodeld in Sources */,
			);
			runOnlyForDeploymentPostprocessing = 0;
		};
		C341B0A21A71BB2100F9F650 /* Sources */ = {
			isa = PBXSourcesBuildPhase;
			buildActionMask = 2147483647;
			files = (
				C341B0AD1A71BB2100F9F650 /* Informatur2Tests.swift in Sources */,
			);
			runOnlyForDeploymentPostprocessing = 0;
		};
/* End PBXSourcesBuildPhase section */

/* Begin PBXTargetDependency section */
		C341B0A81A71BB2100F9F650 /* PBXTargetDependency */ = {
			isa = PBXTargetDependency;
			target = C341B08D1A71BB2100F9F650 /* Informatur2 */;
			targetProxy = C341B0A71A71BB2100F9F650 /* PBXContainerItemProxy */;
		};
/* End PBXTargetDependency section */

/* Begin PBXVariantGroup section */
		C341B09A1A71BB2100F9F650 /* Main.storyboard */ = {
			isa = PBXVariantGroup;
			children = (
				C341B09B1A71BB2100F9F650 /* Base */,
			);
			name = Main.storyboard;
			sourceTree = "<group>";
		};
		C341B09F1A71BB2100F9F650 /* LaunchScreen.xib */ = {
			isa = PBXVariantGroup;
			children = (
				C341B0A01A71BB2100F9F650 /* Base */,
			);
			name = LaunchScreen.xib;
			sourceTree = "<group>";
		};
/* End PBXVariantGroup section */

/* Begin XCBuildConfiguration section */
		C341B0AE1A71BB2100F9F650 /* Debug */ = {
			isa = XCBuildConfiguration;
			buildSettings = {
				ALWAYS_SEARCH_USER_PATHS = NO;
				CLANG_CXX_LANGUAGE_STANDARD = "gnu++0x";
				CLANG_CXX_LIBRARY = "libc++";
				CLANG_ENABLE_MODULES = YES;
				CLANG_ENABLE_OBJC_ARC = YES;
				CLANG_WARN_BOOL_CONVERSION = YES;
				CLANG_WARN_CONSTANT_CONVERSION = YES;
				CLANG_WARN_DIRECT_OBJC_ISA_USAGE = YES_ERROR;
				CLANG_WARN_EMPTY_BODY = YES;
				CLANG_WARN_ENUM_CONVERSION = YES;
				CLANG_WARN_INT_CONVERSION = YES;
				CLANG_WARN_OBJC_ROOT_CLASS = YES_ERROR;
				CLANG_WARN_UNREACHABLE_CODE = YES;
				CLANG_WARN__DUPLICATE_METHOD_MATCH = YES;
				"CODE_SIGN_IDENTITY[sdk=iphoneos*]" = "iPhone Developer";
				COPY_PHASE_STRIP = NO;
				ENABLE_STRICT_OBJC_MSGSEND = YES;
				GCC_C_LANGUAGE_STANDARD = gnu99;
				GCC_DYNAMIC_NO_PIC = NO;
				GCC_OPTIMIZATION_LEVEL = 0;
				GCC_PREPROCESSOR_DEFINITIONS = (
					"DEBUG=1",
					"$(inherited)",
				);
				GCC_SYMBOLS_PRIVATE_EXTERN = NO;
				GCC_WARN_64_TO_32_BIT_CONVERSION = YES;
				GCC_WARN_ABOUT_RETURN_TYPE = YES_ERROR;
				GCC_WARN_UNDECLARED_SELECTOR = YES;
				GCC_WARN_UNINITIALIZED_AUTOS = YES_AGGRESSIVE;
				GCC_WARN_UNUSED_FUNCTION = YES;
				GCC_WARN_UNUSED_VARIABLE = YES;
				IPHONEOS_DEPLOYMENT_TARGET = 8.1;
				MTL_ENABLE_DEBUG_INFO = YES;
				ONLY_ACTIVE_ARCH = YES;
				SDKROOT = iphoneos;
				SWIFT_OPTIMIZATION_LEVEL = "-Onone";
				TARGETED_DEVICE_FAMILY = "1,2";
			};
			name = Debug;
		};
		C341B0AF1A71BB2100F9F650 /* Release */ = {
			isa = XCBuildConfiguration;
			buildSettings = {
				ALWAYS_SEARCH_USER_PATHS = NO;
				CLANG_CXX_LANGUAGE_STANDARD = "gnu++0x";
				CLANG_CXX_LIBRARY = "libc++";
				CLANG_ENABLE_MODULES = YES;
				CLANG_ENABLE_OBJC_ARC = YES;
				CLANG_WARN_BOOL_CONVERSION = YES;
				CLANG_WARN_CONSTANT_CONVERSION = YES;
				CLANG_WARN_DIRECT_OBJC_ISA_USAGE = YES_ERROR;
				CLANG_WARN_EMPTY_BODY = YES;
				CLANG_WARN_ENUM_CONVERSION = YES;
				CLANG_WARN_INT_CONVERSION = YES;
				CLANG_WARN_OBJC_ROOT_CLASS = YES_ERROR;
				CLANG_WARN_UNREACHABLE_CODE = YES;
				CLANG_WARN__DUPLICATE_METHOD_MATCH = YES;
				"CODE_SIGN_IDENTITY[sdk=iphoneos*]" = "iPhone Developer";
				COPY_PHASE_STRIP = YES;
				ENABLE_NS_ASSERTIONS = NO;
				ENABLE_STRICT_OBJC_MSGSEND = YES;
				GCC_C_LANGUAGE_STANDARD = gnu99;
				GCC_WARN_64_TO_32_BIT_CONVERSION = YES;
				GCC_WARN_ABOUT_RETURN_TYPE = YES_ERROR;
				GCC_WARN_UNDECLARED_SELECTOR = YES;
				GCC_WARN_UNINITIALIZED_AUTOS = YES_AGGRESSIVE;
				GCC_WARN_UNUSED_FUNCTION = YES;
				GCC_WARN_UNUSED_VARIABLE = YES;
				IPHONEOS_DEPLOYMENT_TARGET = 8.1;
				MTL_ENABLE_DEBUG_INFO = NO;
				SDKROOT = iphoneos;
				TARGETED_DEVICE_FAMILY = "1,2";
				VALIDATE_PRODUCT = YES;
			};
			name = Release;
		};
		C341B0B11A71BB2100F9F650 /* Debug */ = {
			isa = XCBuildConfiguration;
			buildSettings = {
				ASSETCATALOG_COMPILER_APPICON_NAME = AppIcon;
				INFOPLIST_FILE = Informatur2/Info.plist;
				LD_RUNPATH_SEARCH_PATHS = "$(inherited) @executable_path/Frameworks";
				PRODUCT_NAME = "$(TARGET_NAME)";
			};
			name = Debug;
		};
		C341B0B21A71BB2100F9F650 /* Release */ = {
			isa = XCBuildConfiguration;
			buildSettings = {
				ASSETCATALOG_COMPILER_APPICON_NAME = AppIcon;
				INFOPLIST_FILE = Informatur2/Info.plist;
				LD_RUNPATH_SEARCH_PATHS = "$(inherited) @executable_path/Frameworks";
				PRODUCT_NAME = "$(TARGET_NAME)";
			};
			name = Release;
		};
		C341B0B41A71BB2100F9F650 /* Debug */ = {
			isa = XCBuildConfiguration;
			buildSettings = {
				BUNDLE_LOADER = "$(TEST_HOST)";
				FRAMEWORK_SEARCH_PATHS = (
					"$(SDKROOT)/Developer/Library/Frameworks",
					"$(inherited)",
				);
				GCC_PREPROCESSOR_DEFINITIONS = (
					"DEBUG=1",
					"$(inherited)",
				);
				INFOPLIST_FILE = Informatur2Tests/Info.plist;
				LD_RUNPATH_SEARCH_PATHS = "$(inherited) @executable_path/Frameworks @loader_path/Frameworks";
				PRODUCT_NAME = "$(TARGET_NAME)";
				TEST_HOST = "$(BUILT_PRODUCTS_DIR)/Informatur2.app/Informatur2";
			};
			name = Debug;
		};
		C341B0B51A71BB2100F9F650 /* Release */ = {
			isa = XCBuildConfiguration;
			buildSettings = {
				BUNDLE_LOADER = "$(TEST_HOST)";
				FRAMEWORK_SEARCH_PATHS = (
					"$(SDKROOT)/Developer/Library/Frameworks",
					"$(inherited)",
				);
				INFOPLIST_FILE = Informatur2Tests/Info.plist;
				LD_RUNPATH_SEARCH_PATHS = "$(inherited) @executable_path/Frameworks @loader_path/Frameworks";
				PRODUCT_NAME = "$(TARGET_NAME)";
				TEST_HOST = "$(BUILT_PRODUCTS_DIR)/Informatur2.app/Informatur2";
			};
			name = Release;
		};
/* End XCBuildConfiguration section */

/* Begin XCConfigurationList section */
		C341B0891A71BB2100F9F650 /* Build configuration list for PBXProject "Informatur2" */ = {
			isa = XCConfigurationList;
			buildConfigurations = (
				C341B0AE1A71BB2100F9F650 /* Debug */,
				C341B0AF1A71BB2100F9F650 /* Release */,
			);
			defaultConfigurationIsVisible = 0;
			defaultConfigurationName = Release;
		};
		C341B0B01A71BB2100F9F650 /* Build configuration list for PBXNativeTarget "Informatur2" */ = {
			isa = XCConfigurationList;
			buildConfigurations = (
				C341B0B11A71BB2100F9F650 /* Debug */,
				C341B0B21A71BB2100F9F650 /* Release */,
			);
			defaultConfigurationIsVisible = 0;
		};
		C341B0B31A71BB2100F9F650 /* Build configuration list for PBXNativeTarget "Informatur2Tests" */ = {
			isa = XCConfigurationList;
			buildConfigurations = (
				C341B0B41A71BB2100F9F650 /* Debug */,
				C341B0B51A71BB2100F9F650 /* Release */,
			);
			defaultConfigurationIsVisible = 0;
		};
/* End XCConfigurationList section */

/* Begin XCVersionGroup section */
		C341B0951A71BB2100F9F650 /* Informatur2.xcdatamodeld */ = {
			isa = XCVersionGroup;
			children = (
				C341B0961A71BB2100F9F650 /* Informatur2.xcdatamodel */,
			);
			currentVersion = C341B0961A71BB2100F9F650 /* Informatur2.xcdatamodel */;
			path = Informatur2.xcdatamodeld;
			sourceTree = "<group>";
			versionGroupType = wrapper.xcdatamodel;
		};
/* End XCVersionGroup section */
	};
	rootObject = C341B0861A71BB2100F9F650 /* Project object */;
}
